
Microsoft Visual Studio Solution File, Format Version 12.00
# Visual Studio Version 16
VisualStudioVersion = 16.0.32228.343
MinimumVisualStudioVersion = 10.0.40219.1
Project("{FAE04EC0-301F-11D3-BF4B-00C04F79EFBC}") = "WindowsFormsApp1", "WindowsFormsApp1\WindowsFormsApp1.csproj", "{41A482F3-25ED-4A26-B81C-B652B34DCF96}"
EndProject
Global
	GlobalSection(SolutionConfigurationPlatforms) = preSolution
		Debug|Any CPU = Debug|Any CPU
		Release|Any CPU = Release|Any CPU
	EndGlobalSection
	GlobalSection(ProjectConfigurationPlatforms) = postSolution
		{41A482F3-25ED-4A26-B81C-B652B34DCF96}.Debug|Any CPU.ActiveCfg = Debug|Any CPU
		{41A482F3-25ED-4A26-B81C-B652B34DCF96}.Debug|Any CPU.Build.0 = Debug|Any CPU
		{41A482F3-25ED-4A26-B81C-B652B34DCF96}.Release|Any CPU.ActiveCfg = Release|Any CPU
		{41A482F3-25ED-4A26-B81C-B652B34DCF96}.Release|Any CPU.Build.0 = Release|Any CPU
	EndGlobalSection
	GlobalSection(SolutionProperties) = preSolution
		HideSolutionNode = FALSE
	EndGlobalSection
	GlobalSection(ExtensibilityGlobals) = postSolution
		SolutionGuid = {1EE8943D-FBF2-4C0C-86CC-35F2F96A781D}
	EndGlobalSection
EndGlobal
